
Microsoft Visual Studio Solution File, Format Version 12.00
# Visual Studio Version 17
VisualStudioVersion = 17.4.33205.214
MinimumVisualStudioVersion = 10.0.40219.1
Project("{FAE04EC0-301F-11D3-BF4B-00C04F79EFBC}") = "Readme2", "Readme2.csproj", "{8329853C-314D-4019-8FAF-23B58F43F64D}"
EndProject
Global
	GlobalSection(SolutionConfigurationPlatforms) = preSolution
		Debug|Any CPU = Debug|Any CPU
		Release|Any CPU = Release|Any CPU
	EndGlobalSection
	GlobalSection(ProjectConfigurationPlatforms) = postSolution
		{8329853C-314D-4019-8FAF-23B58F43F64D}.Debug|Any CPU.ActiveCfg = Debug|Any CPU
		{8329853C-314D-4019-8FAF-23B58F43F64D}.Debug|Any CPU.Build.0 = Debug|Any CPU
		{8329853C-314D-4019-8FAF-23B58F43F64D}.Release|Any CPU.ActiveCfg = Release|Any CPU
		{8329853C-314D-4019-8FAF-23B58F43F64D}.Release|Any CPU.Build.0 = Release|Any CPU
	EndGlobalSection
	GlobalSection(SolutionProperties) = preSolution
		HideSolutionNode = FALSE
	EndGlobalSection
	GlobalSection(ExtensibilityGlobals) = postSolution
		SolutionGuid = {34ACDF95-FADB-44A0-9C95-B0EA51FDC776}
	EndGlobalSection
EndGlobal
